
Microsoft Visual Studio Solution File, Format Version 12.00
# Visual Studio Version 17
VisualStudioVersion = 17.9.34526.213
MinimumVisualStudioVersion = 10.0.40219.1
Project("{FAE04EC0-301F-11D3-BF4B-00C04F79EFBC}") = "c-em-env", "c-em-env\c-em-env.csproj", "{CD3DA9F1-0B81-4C71-801D-58849CA68327}"
EndProject
Project("{FAE04EC0-301F-11D3-BF4B-00C04F79EFBC}") = "c-em-env-ntest", "c-em-env-ntest\c-em-env-ntest.csproj", "{432A7A48-A3DA-4778-96F9-1DA477EC50DF}"
EndProject
Global
	GlobalSection(SolutionConfigurationPlatforms) = preSolution
		Debug|Any CPU = Debug|Any CPU
		Release|Any CPU = Release|Any CPU
	EndGlobalSection
	GlobalSection(ProjectConfigurationPlatforms) = postSolution
		{CD3DA9F1-0B81-4C71-801D-58849CA68327}.Debug|Any CPU.ActiveCfg = Debug|Any CPU
		{CD3DA9F1-0B81-4C71-801D-58849CA68327}.Debug|Any CPU.Build.0 = Debug|Any CPU
		{CD3DA9F1-0B81-4C71-801D-58849CA68327}.Release|Any CPU.ActiveCfg = Release|Any CPU
		{CD3DA9F1-0B81-4C71-801D-58849CA68327}.Release|Any CPU.Build.0 = Release|Any CPU
		{432A7A48-A3DA-4778-96F9-1DA477EC50DF}.Debug|Any CPU.ActiveCfg = Debug|Any CPU
		{432A7A48-A3DA-4778-96F9-1DA477EC50DF}.Debug|Any CPU.Build.0 = Debug|Any CPU
		{432A7A48-A3DA-4778-96F9-1DA477EC50DF}.Release|Any CPU.ActiveCfg = Release|Any CPU
		{432A7A48-A3DA-4778-96F9-1DA477EC50DF}.Release|Any CPU.Build.0 = Release|Any CPU
	EndGlobalSection
	GlobalSection(SolutionProperties) = preSolution
		HideSolutionNode = FALSE
	EndGlobalSection
	GlobalSection(ExtensibilityGlobals) = postSolution
		SolutionGuid = {0769D727-DDA2-49EA-9578-E3C4E58FCB32}
	EndGlobalSection
EndGlobal
